
Microsoft Visual Studio Solution File, Format Version 12.00
# Visual Studio Version 17
VisualStudioVersion = 17.0.32014.148
MinimumVisualStudioVersion = 10.0.40219.1
Project("{FAE04EC0-301F-11D3-BF4B-00C04F79EFBC}") = "Oop2", "Oop2\Oop2.csproj", "{942FD8C1-4D9F-4C6B-A709-109B141EC12C}"
EndProject
Project("{FAE04EC0-301F-11D3-BF4B-00C04F79EFBC}") = "Oop3", "Oop3\Oop3.csproj", "{C1EB13AF-BEAC-4546-A21C-8B8631929C6A}"
EndProject
Global
	GlobalSection(SolutionConfigurationPlatforms) = preSolution
		Debug|Any CPU = Debug|Any CPU
		Release|Any CPU = Release|Any CPU
	EndGlobalSection
	GlobalSection(ProjectConfigurationPlatforms) = postSolution
		{942FD8C1-4D9F-4C6B-A709-109B141EC12C}.Debug|Any CPU.ActiveCfg = Debug|Any CPU
		{942FD8C1-4D9F-4C6B-A709-109B141EC12C}.Debug|Any CPU.Build.0 = Debug|Any CPU
		{942FD8C1-4D9F-4C6B-A709-109B141EC12C}.Release|Any CPU.ActiveCfg = Release|Any CPU
		{942FD8C1-4D9F-4C6B-A709-109B141EC12C}.Release|Any CPU.Build.0 = Release|Any CPU
		{C1EB13AF-BEAC-4546-A21C-8B8631929C6A}.Debug|Any CPU.ActiveCfg = Debug|Any CPU
		{C1EB13AF-BEAC-4546-A21C-8B8631929C6A}.Debug|Any CPU.Build.0 = Debug|Any CPU
		{C1EB13AF-BEAC-4546-A21C-8B8631929C6A}.Release|Any CPU.ActiveCfg = Release|Any CPU
		{C1EB13AF-BEAC-4546-A21C-8B8631929C6A}.Release|Any CPU.Build.0 = Release|Any CPU
	EndGlobalSection
	GlobalSection(SolutionProperties) = preSolution
		HideSolutionNode = FALSE
	EndGlobalSection
	GlobalSection(ExtensibilityGlobals) = postSolution
		SolutionGuid = {3424A0A2-6954-45A4-84F7-9C300A772321}
	EndGlobalSection
EndGlobal
